// !$*UTF8*$!
{
	archiveVersion = 1;
	classes = {
	};
	objectVersion = 55;
	objects = {

/* Begin PBXBuildFile section */
		880FB3FB2819BCBB002DB701 /* AppDelegate.swift in Sources */ = {isa = PBXBuildFile; fileRef = 880FB3FA2819BCBB002DB701 /* AppDelegate.swift */; };
		880FB3FD2819BCBB002DB701 /* SceneDelegate.swift in Sources */ = {isa = PBXBuildFile; fileRef = 880FB3FC2819BCBB002DB701 /* SceneDelegate.swift */; };
		880FB3FF2819BCBB002DB701 /* MainViewController.swift in Sources */ = {isa = PBXBuildFile; fileRef = 880FB3FE2819BCBB002DB701 /* MainViewController.swift */; };
		880FB4042819BCBE002DB701 /* Assets.xcassets in Resources */ = {isa = PBXBuildFile; fileRef = 880FB4032819BCBE002DB701 /* Assets.xcassets */; };
		880FB4072819BCBE002DB701 /* LaunchScreen.storyboard in Resources */ = {isa = PBXBuildFile; fileRef = 880FB4052819BCBE002DB701 /* LaunchScreen.storyboard */; };
		880FB4172819C3EF002DB701 /* Roboto-Medium.ttf in Resources */ = {isa = PBXBuildFile; fileRef = 880FB4162819C3EF002DB701 /* Roboto-Medium.ttf */; };
		880FB4192819C401002DB701 /* Roboto-Bold.ttf in Resources */ = {isa = PBXBuildFile; fileRef = 880FB4182819C401002DB701 /* Roboto-Bold.ttf */; };
		880FB41B2819C537002DB701 /* UIFont + Extensions.swift in Sources */ = {isa = PBXBuildFile; fileRef = 880FB41A2819C537002DB701 /* UIFont + Extensions.swift */; };
		880FB41D2819C56E002DB701 /* UIColor + Extensions.swift in Sources */ = {isa = PBXBuildFile; fileRef = 880FB41C2819C56E002DB701 /* UIColor + Extensions.swift */; };
		880FB41F2819C5C8002DB701 /* UIView + Extensions.swift in Sources */ = {isa = PBXBuildFile; fileRef = 880FB41E2819C5C8002DB701 /* UIView + Extensions.swift */; };
		880FB4212819C5E5002DB701 /* UIStackView + Extensions.swift in Sources */ = {isa = PBXBuildFile; fileRef = 880FB4202819C5E5002DB701 /* UIStackView + Extensions.swift */; };
		8819EB9528266CC20078008E /* DateAndRepeatView.swift in Sources */ = {isa = PBXBuildFile; fileRef = 8819EB9428266CC20078008E /* DateAndRepeatView.swift */; };
		8819EB97282695420078008E /* RepsOrTimerView.swift in Sources */ = {isa = PBXBuildFile; fileRef = 8819EB96282695420078008E /* RepsOrTimerView.swift */; };
		8826BB60281D546800C82AFC /* CalendarView.swift in Sources */ = {isa = PBXBuildFile; fileRef = 8826BB5F281D546800C82AFC /* CalendarView.swift */; };
		8826BB62281D71CF00C82AFC /* CalendarCollectionViewCell.swift in Sources */ = {isa = PBXBuildFile; fileRef = 8826BB61281D71CF00C82AFC /* CalendarCollectionViewCell.swift */; };
		8829C0DB281E82C300E3B8F5 /* WeatherView.swift in Sources */ = {isa = PBXBuildFile; fileRef = 8829C0DA281E82C300E3B8F5 /* WeatherView.swift */; };
		8829C0DD281ECB9100E3B8F5 /* WorkoutTableViewCell.swift in Sources */ = {isa = PBXBuildFile; fileRef = 8829C0DC281ECB9100E3B8F5 /* WorkoutTableViewCell.swift */; };
		882EFB30282195C9004837B7 /* NewWorkoutViewController.swift in Sources */ = {isa = PBXBuildFile; fileRef = 882EFB2F282195C9004837B7 /* NewWorkoutViewController.swift */; };
		888147292827D39F00D2BDC2 /* MainTabBarController.swift in Sources */ = {isa = PBXBuildFile; fileRef = 888147282827D39F00D2BDC2 /* MainTabBarController.swift */; };
		8881472B2827D6F300D2BDC2 /* StatisticViewController.swift in Sources */ = {isa = PBXBuildFile; fileRef = 8881472A2827D6F300D2BDC2 /* StatisticViewController.swift */; };
		8881472D2827D70700D2BDC2 /* ProfileViewController.swift in Sources */ = {isa = PBXBuildFile; fileRef = 8881472C2827D70700D2BDC2 /* ProfileViewController.swift */; };
		8881472F2827E50D00D2BDC2 /* UILabel + Extensions.swift in Sources */ = {isa = PBXBuildFile; fileRef = 8881472E2827E50D00D2BDC2 /* UILabel + Extensions.swift */; };
		88CA6E2828290F6B00961DF9 /* Realm in Frameworks */ = {isa = PBXBuildFile; productRef = 88CA6E2728290F6B00961DF9 /* Realm */; };
		88CA6E2A28290F6B00961DF9 /* RealmSwift in Frameworks */ = {isa = PBXBuildFile; productRef = 88CA6E2928290F6B00961DF9 /* RealmSwift */; };
		88CA6E2C2829115800961DF9 /* WorkoutModel.swift in Sources */ = {isa = PBXBuildFile; fileRef = 88CA6E2B2829115800961DF9 /* WorkoutModel.swift */; };
		88CA6E2F2829317A00961DF9 /* RealmManager.swift in Sources */ = {isa = PBXBuildFile; fileRef = 88CA6E2E2829317A00961DF9 /* RealmManager.swift */; };
		88CA6E322829401200961DF9 /* SimpleAlert.swift in Sources */ = {isa = PBXBuildFile; fileRef = 88CA6E312829401200961DF9 /* SimpleAlert.swift */; };
/* End PBXBuildFile section */

/* Begin PBXFileReference section */
		880FB3F72819BCBB002DB701 /* Fitness.app */ = {isa = PBXFileReference; explicitFileType = wrapper.application; includeInIndex = 0; path = Fitness.app; sourceTree = BUILT_PRODUCTS_DIR; };
		880FB3FA2819BCBB002DB701 /* AppDelegate.swift */ = {isa = PBXFileReference; lastKnownFileType = sourcecode.swift; path = AppDelegate.swift; sourceTree = "<group>"; };
		880FB3FC2819BCBB002DB701 /* SceneDelegate.swift */ = {isa = PBXFileReference; lastKnownFileType = sourcecode.swift; path = SceneDelegate.swift; sourceTree = "<group>"; };
		880FB3FE2819BCBB002DB701 /* MainViewController.swift */ = {isa = PBXFileReference; lastKnownFileType = sourcecode.swift; path = MainViewController.swift; sourceTree = "<group>"; };
		880FB4032819BCBE002DB701 /* Assets.xcassets */ = {isa = PBXFileReference; lastKnownFileType = folder.assetcatalog; path = Assets.xcassets; sourceTree = "<group>"; };
		880FB4062819BCBE002DB701 /* Base */ = {isa = PBXFileReference; lastKnownFileType = file.storyboard; name = Base; path = Base.lproj/LaunchScreen.storyboard; sourceTree = "<group>"; };
		880FB4082819BCBE002DB701 /* Info.plist */ = {isa = PBXFileReference; lastKnownFileType = text.plist.xml; path = Info.plist; sourceTree = "<group>"; };
		880FB4162819C3EF002DB701 /* Roboto-Medium.ttf */ = {isa = PBXFileReference; lastKnownFileType = file; path = "Roboto-Medium.ttf"; sourceTree = "<group>"; };
		880FB4182819C401002DB701 /* Roboto-Bold.ttf */ = {isa = PBXFileReference; lastKnownFileType = file; path = "Roboto-Bold.ttf"; sourceTree = "<group>"; };
		880FB41A2819C537002DB701 /* UIFont + Extensions.swift */ = {isa = PBXFileReference; lastKnownFileType = sourcecode.swift; path = "UIFont + Extensions.swift"; sourceTree = "<group>"; };
		880FB41C2819C56E002DB701 /* UIColor + Extensions.swift */ = {isa = PBXFileReference; lastKnownFileType = sourcecode.swift; path = "UIColor + Extensions.swift"; sourceTree = "<group>"; };
		880FB41E2819C5C8002DB701 /* UIView + Extensions.swift */ = {isa = PBXFileReference; lastKnownFileType = sourcecode.swift; path = "UIView + Extensions.swift"; sourceTree = "<group>"; };
		880FB4202819C5E5002DB701 /* UIStackView + Extensions.swift */ = {isa = PBXFileReference; lastKnownFileType = sourcecode.swift; path = "UIStackView + Extensions.swift"; sourceTree = "<group>"; };
		8819EB9428266CC20078008E /* DateAndRepeatView.swift */ = {isa = PBXFileReference; lastKnownFileType = sourcecode.swift; path = DateAndRepeatView.swift; sourceTree = "<group>"; };
		8819EB96282695420078008E /* RepsOrTimerView.swift */ = {isa = PBXFileReference; lastKnownFileType = sourcecode.swift; path = RepsOrTimerView.swift; sourceTree = "<group>"; };
		8826BB5F281D546800C82AFC /* CalendarView.swift */ = {isa = PBXFileReference; lastKnownFileType = sourcecode.swift; path = CalendarView.swift; sourceTree = "<group>"; };
		8826BB61281D71CF00C82AFC /* CalendarCollectionViewCell.swift */ = {isa = PBXFileReference; lastKnownFileType = sourcecode.swift; path = CalendarCollectionViewCell.swift; sourceTree = "<group>"; };
		8829C0DA281E82C300E3B8F5 /* WeatherView.swift */ = {isa = PBXFileReference; lastKnownFileType = sourcecode.swift; path = WeatherView.swift; sourceTree = "<group>"; };
		8829C0DC281ECB9100E3B8F5 /* WorkoutTableViewCell.swift */ = {isa = PBXFileReference; lastKnownFileType = sourcecode.swift; path = WorkoutTableViewCell.swift; sourceTree = "<group>"; };
		882EFB2F282195C9004837B7 /* NewWorkoutViewController.swift */ = {isa = PBXFileReference; lastKnownFileType = sourcecode.swift; path = NewWorkoutViewController.swift; sourceTree = "<group>"; };
		888147282827D39F00D2BDC2 /* MainTabBarController.swift */ = {isa = PBXFileReference; lastKnownFileType = sourcecode.swift; path = MainTabBarController.swift; sourceTree = "<group>"; };
		8881472A2827D6F300D2BDC2 /* StatisticViewController.swift */ = {isa = PBXFileReference; lastKnownFileType = sourcecode.swift; path = StatisticViewController.swift; sourceTree = "<group>"; };
		8881472C2827D70700D2BDC2 /* ProfileViewController.swift */ = {isa = PBXFileReference; lastKnownFileType = sourcecode.swift; path = ProfileViewController.swift; sourceTree = "<group>"; };
		8881472E2827E50D00D2BDC2 /* UILabel + Extensions.swift */ = {isa = PBXFileReference; lastKnownFileType = sourcecode.swift; path = "UILabel + Extensions.swift"; sourceTree = "<group>"; };
		88CA6E2B2829115800961DF9 /* WorkoutModel.swift */ = {isa = PBXFileReference; lastKnownFileType = sourcecode.swift; path = WorkoutModel.swift; sourceTree = "<group>"; };
		88CA6E2E2829317A00961DF9 /* RealmManager.swift */ = {isa = PBXFileReference; lastKnownFileType = sourcecode.swift; path = RealmManager.swift; sourceTree = "<group>"; };
		88CA6E312829401200961DF9 /* SimpleAlert.swift */ = {isa = PBXFileReference; lastKnownFileType = sourcecode.swift; path = SimpleAlert.swift; sourceTree = "<group>"; };
/* End PBXFileReference section */

/* Begin PBXFrameworksBuildPhase section */
		880FB3F42819BCBB002DB701 /* Frameworks */ = {
			isa = PBXFrameworksBuildPhase;
			buildActionMask = 2147483647;
			files = (
				88CA6E2A28290F6B00961DF9 /* RealmSwift in Frameworks */,
				88CA6E2828290F6B00961DF9 /* Realm in Frameworks */,
			);
			runOnlyForDeploymentPostprocessing = 0;
		};
/* End PBXFrameworksBuildPhase section */

/* Begin PBXGroup section */
		880FB3EE2819BCBB002DB701 = {
			isa = PBXGroup;
			children = (
				880FB3F92819BCBB002DB701 /* Fitness */,
				880FB3F82819BCBB002DB701 /* Products */,
			);
			sourceTree = "<group>";
		};
		880FB3F82819BCBB002DB701 /* Products */ = {
			isa = PBXGroup;
			children = (
				880FB3F72819BCBB002DB701 /* Fitness.app */,
			);
			name = Products;
			sourceTree = "<group>";
		};
		880FB3F92819BCBB002DB701 /* Fitness */ = {
			isa = PBXGroup;
			children = (
				880FB40F2819C11D002DB701 /* Application */,
				880FB4102819C2E3002DB701 /* Models */,
				880FB4112819C2EC002DB701 /* Views */,
				880FB40E2819C108002DB701 /* Controllers */,
				88CA6E2D2829311500961DF9 /* Services */,
				880FB4122819C317002DB701 /* Extensions */,
				880FB4142819C33A002DB701 /* Resources */,
			);
			path = Fitness;
			sourceTree = "<group>";
		};
		880FB40E2819C108002DB701 /* Controllers */ = {
			isa = PBXGroup;
			children = (
				888147282827D39F00D2BDC2 /* MainTabBarController.swift */,
				880FB3FE2819BCBB002DB701 /* MainViewController.swift */,
				882EFB2F282195C9004837B7 /* NewWorkoutViewController.swift */,
				8881472A2827D6F300D2BDC2 /* StatisticViewController.swift */,
				8881472C2827D70700D2BDC2 /* ProfileViewController.swift */,
			);
			path = Controllers;
			sourceTree = "<group>";
		};
		880FB40F2819C11D002DB701 /* Application */ = {
			isa = PBXGroup;
			children = (
				880FB3FA2819BCBB002DB701 /* AppDelegate.swift */,
				880FB3FC2819BCBB002DB701 /* SceneDelegate.swift */,
			);
			path = Application;
			sourceTree = "<group>";
		};
		880FB4102819C2E3002DB701 /* Models */ = {
			isa = PBXGroup;
			children = (
				88CA6E2B2829115800961DF9 /* WorkoutModel.swift */,
			);
			path = Models;
			sourceTree = "<group>";
		};
		880FB4112819C2EC002DB701 /* Views */ = {
			isa = PBXGroup;
			children = (
				8826BB5E281D542100C82AFC /* MainVC */,
				8819EB9328266C6F0078008E /* NewWorkoutVC */,
				88CA6E3028293F7B00961DF9 /* Alerts */,
			);
			path = Views;
			sourceTree = "<group>";
		};
		880FB4122819C317002DB701 /* Extensions */ = {
			isa = PBXGroup;
			children = (
				880FB4132819C323002DB701 /* UIKit */,
			);
			path = Extensions;
			sourceTree = "<group>";
		};
		880FB4132819C323002DB701 /* UIKit */ = {
			isa = PBXGroup;
			children = (
				880FB41A2819C537002DB701 /* UIFont + Extensions.swift */,
				880FB41C2819C56E002DB701 /* UIColor + Extensions.swift */,
				880FB41E2819C5C8002DB701 /* UIView + Extensions.swift */,
				880FB4202819C5E5002DB701 /* UIStackView + Extensions.swift */,
				8881472E2827E50D00D2BDC2 /* UILabel + Extensions.swift */,
			);
			path = UIKit;
			sourceTree = "<group>";
		};
		880FB4142819C33A002DB701 /* Resources */ = {
			isa = PBXGroup;
			children = (
				880FB4152819C3C3002DB701 /* Fonts */,
				880FB4032819BCBE002DB701 /* Assets.xcassets */,
				880FB4052819BCBE002DB701 /* LaunchScreen.storyboard */,
				880FB4082819BCBE002DB701 /* Info.plist */,
			);
			path = Resources;
			sourceTree = "<group>";
		};
		880FB4152819C3C3002DB701 /* Fonts */ = {
			isa = PBXGroup;
			children = (
				880FB4182819C401002DB701 /* Roboto-Bold.ttf */,
				880FB4162819C3EF002DB701 /* Roboto-Medium.ttf */,
			);
			path = Fonts;
			sourceTree = "<group>";
		};
		8819EB9328266C6F0078008E /* NewWorkoutVC */ = {
			isa = PBXGroup;
			children = (
				8819EB9428266CC20078008E /* DateAndRepeatView.swift */,
				8819EB96282695420078008E /* RepsOrTimerView.swift */,
			);
			path = NewWorkoutVC;
			sourceTree = "<group>";
		};
		8826BB5E281D542100C82AFC /* MainVC */ = {
			isa = PBXGroup;
			children = (
				8826BB63281D71E300C82AFC /* Cells */,
				8826BB5F281D546800C82AFC /* CalendarView.swift */,
				8829C0DA281E82C300E3B8F5 /* WeatherView.swift */,
			);
			path = MainVC;
			sourceTree = "<group>";
		};
		8826BB63281D71E300C82AFC /* Cells */ = {
			isa = PBXGroup;
			children = (
				8826BB61281D71CF00C82AFC /* CalendarCollectionViewCell.swift */,
				8829C0DC281ECB9100E3B8F5 /* WorkoutTableViewCell.swift */,
			);
			path = Cells;
			sourceTree = "<group>";
		};
		88CA6E2D2829311500961DF9 /* Services */ = {
			isa = PBXGroup;
			children = (
				88CA6E2E2829317A00961DF9 /* RealmManager.swift */,
			);
			path = Services;
			sourceTree = "<group>";
		};
		88CA6E3028293F7B00961DF9 /* Alerts */ = {
			isa = PBXGroup;
			children = (
				88CA6E312829401200961DF9 /* SimpleAlert.swift */,
			);
			path = Alerts;
			sourceTree = "<group>";
		};
/* End PBXGroup section */

/* Begin PBXNativeTarget section */
		880FB3F62819BCBB002DB701 /* Fitness */ = {
			isa = PBXNativeTarget;
			buildConfigurationList = 880FB40B2819BCBE002DB701 /* Build configuration list for PBXNativeTarget "Fitness" */;
			buildPhases = (
				880FB3F32819BCBB002DB701 /* Sources */,
				880FB3F42819BCBB002DB701 /* Frameworks */,
				880FB3F52819BCBB002DB701 /* Resources */,
			);
			buildRules = (
			);
			dependencies = (
			);
			name = Fitness;
			packageProductDependencies = (
				88CA6E2728290F6B00961DF9 /* Realm */,
				88CA6E2928290F6B00961DF9 /* RealmSwift */,
			);
			productName = Fitness;
			productReference = 880FB3F72819BCBB002DB701 /* Fitness.app */;
			productType = "com.apple.product-type.application";
		};
/* End PBXNativeTarget section */

/* Begin PBXProject section */
		880FB3EF2819BCBB002DB701 /* Project object */ = {
			isa = PBXProject;
			attributes = {
				BuildIndependentTargetsInParallel = 1;
				LastSwiftUpdateCheck = 1330;
				LastUpgradeCheck = 1330;
				TargetAttributes = {
					880FB3F62819BCBB002DB701 = {
						CreatedOnToolsVersion = 13.3.1;
					};
				};
			};
			buildConfigurationList = 880FB3F22819BCBB002DB701 /* Build configuration list for PBXProject "Fitness" */;
			compatibilityVersion = "Xcode 13.0";
			developmentRegion = en;
			hasScannedForEncodings = 0;
			knownRegions = (
				en,
				Base,
			);
			mainGroup = 880FB3EE2819BCBB002DB701;
			packageReferences = (
				88CA6E2628290F6B00961DF9 /* XCRemoteSwiftPackageReference "realm-swift" */,
			);
			productRefGroup = 880FB3F82819BCBB002DB701 /* Products */;
			projectDirPath = "";
			projectRoot = "";
			targets = (
				880FB3F62819BCBB002DB701 /* Fitness */,
			);
		};
/* End PBXProject section */

/* Begin PBXResourcesBuildPhase section */
		880FB3F52819BCBB002DB701 /* Resources */ = {
			isa = PBXResourcesBuildPhase;
			buildActionMask = 2147483647;
			files = (
				880FB4072819BCBE002DB701 /* LaunchScreen.storyboard in Resources */,
				880FB4042819BCBE002DB701 /* Assets.xcassets in Resources */,
				880FB4192819C401002DB701 /* Roboto-Bold.ttf in Resources */,
				880FB4172819C3EF002DB701 /* Roboto-Medium.ttf in Resources */,
			);
			runOnlyForDeploymentPostprocessing = 0;
		};
/* End PBXResourcesBuildPhase section */

/* Begin PBXSourcesBuildPhase section */
		880FB3F32819BCBB002DB701 /* Sources */ = {
			isa = PBXSourcesBuildPhase;
			buildActionMask = 2147483647;
			files = (
				880FB41B2819C537002DB701 /* UIFont + Extensions.swift in Sources */,
				880FB41D2819C56E002DB701 /* UIColor + Extensions.swift in Sources */,
				888147292827D39F00D2BDC2 /* MainTabBarController.swift in Sources */,
				8826BB60281D546800C82AFC /* CalendarView.swift in Sources */,
				880FB4212819C5E5002DB701 /* UIStackView + Extensions.swift in Sources */,
				8829C0DD281ECB9100E3B8F5 /* WorkoutTableViewCell.swift in Sources */,
				8819EB9528266CC20078008E /* DateAndRepeatView.swift in Sources */,
				88CA6E2C2829115800961DF9 /* WorkoutModel.swift in Sources */,
				8881472D2827D70700D2BDC2 /* ProfileViewController.swift in Sources */,
				880FB3FF2819BCBB002DB701 /* MainViewController.swift in Sources */,
				8829C0DB281E82C300E3B8F5 /* WeatherView.swift in Sources */,
				880FB3FB2819BCBB002DB701 /* AppDelegate.swift in Sources */,
				8819EB97282695420078008E /* RepsOrTimerView.swift in Sources */,
				8826BB62281D71CF00C82AFC /* CalendarCollectionViewCell.swift in Sources */,
				882EFB30282195C9004837B7 /* NewWorkoutViewController.swift in Sources */,
				8881472F2827E50D00D2BDC2 /* UILabel + Extensions.swift in Sources */,
				880FB41F2819C5C8002DB701 /* UIView + Extensions.swift in Sources */,
				88CA6E2F2829317A00961DF9 /* RealmManager.swift in Sources */,
				88CA6E322829401200961DF9 /* SimpleAlert.swift in Sources */,
				880FB3FD2819BCBB002DB701 /* SceneDelegate.swift in Sources */,
				8881472B2827D6F300D2BDC2 /* StatisticViewController.swift in Sources */,
			);
			runOnlyForDeploymentPostprocessing = 0;
		};
/* End PBXSourcesBuildPhase section */

/* Begin PBXVariantGroup section */
		880FB4052819BCBE002DB701 /* LaunchScreen.storyboard */ = {
			isa = PBXVariantGroup;
			children = (
				880FB4062819BCBE002DB701 /* Base */,
			);
			name = LaunchScreen.storyboard;
			sourceTree = "<group>";
		};
/* End PBXVariantGroup section */

/* Begin XCBuildConfiguration section */
		880FB4092819BCBE002DB701 /* Debug */ = {
			isa = XCBuildConfiguration;
			buildSettings = {
				ALWAYS_SEARCH_USER_PATHS = NO;
				CLANG_ANALYZER_NONNULL = YES;
				CLANG_ANALYZER_NUMBER_OBJECT_CONVERSION = YES_AGGRESSIVE;
				CLANG_CXX_LANGUAGE_STANDARD = "gnu++17";
				CLANG_ENABLE_MODULES = YES;
				CLANG_ENABLE_OBJC_ARC = YES;
				CLANG_ENABLE_OBJC_WEAK = YES;
				CLANG_WARN_BLOCK_CAPTURE_AUTORELEASING = YES;
				CLANG_WARN_BOOL_CONVERSION = YES;
				CLANG_WARN_COMMA = YES;
				CLANG_WARN_CONSTANT_CONVERSION = YES;
				CLANG_WARN_DEPRECATED_OBJC_IMPLEMENTATIONS = YES;
				CLANG_WARN_DIRECT_OBJC_ISA_USAGE = YES_ERROR;
				CLANG_WARN_DOCUMENTATION_COMMENTS = YES;
				CLANG_WARN_EMPTY_BODY = YES;
				CLANG_WARN_ENUM_CONVERSION = YES;
				CLANG_WARN_INFINITE_RECURSION = YES;
				CLANG_WARN_INT_CONVERSION = YES;
				CLANG_WARN_NON_LITERAL_NULL_CONVERSION = YES;
				CLANG_WARN_OBJC_IMPLICIT_RETAIN_SELF = YES;
				CLANG_WARN_OBJC_LITERAL_CONVERSION = YES;
				CLANG_WARN_OBJC_ROOT_CLASS = YES_ERROR;
				CLANG_WARN_QUOTED_INCLUDE_IN_FRAMEWORK_HEADER = YES;
				CLANG_WARN_RANGE_LOOP_ANALYSIS = YES;
				CLANG_WARN_STRICT_PROTOTYPES = YES;
				CLANG_WARN_SUSPICIOUS_MOVE = YES;
				CLANG_WARN_UNGUARDED_AVAILABILITY = YES_AGGRESSIVE;
				CLANG_WARN_UNREACHABLE_CODE = YES;
				CLANG_WARN__DUPLICATE_METHOD_MATCH = YES;
				COPY_PHASE_STRIP = NO;
				DEBUG_INFORMATION_FORMAT = dwarf;
				ENABLE_STRICT_OBJC_MSGSEND = YES;
				ENABLE_TESTABILITY = YES;
				GCC_C_LANGUAGE_STANDARD = gnu11;
				GCC_DYNAMIC_NO_PIC = NO;
				GCC_NO_COMMON_BLOCKS = YES;
				GCC_OPTIMIZATION_LEVEL = 0;
				GCC_PREPROCESSOR_DEFINITIONS = (
					"DEBUG=1",
					"$(inherited)",
				);
				GCC_WARN_64_TO_32_BIT_CONVERSION = YES;
				GCC_WARN_ABOUT_RETURN_TYPE = YES_ERROR;
				GCC_WARN_UNDECLARED_SELECTOR = YES;
				GCC_WARN_UNINITIALIZED_AUTOS = YES_AGGRESSIVE;
				GCC_WARN_UNUSED_FUNCTION = YES;
				GCC_WARN_UNUSED_VARIABLE = YES;
				IPHONEOS_DEPLOYMENT_TARGET = 15.4;
				MTL_ENABLE_DEBUG_INFO = INCLUDE_SOURCE;
				MTL_FAST_MATH = YES;
				ONLY_ACTIVE_ARCH = YES;
				SDKROOT = iphoneos;
				SWIFT_ACTIVE_COMPILATION_CONDITIONS = DEBUG;
				SWIFT_OPTIMIZATION_LEVEL = "-Onone";
			};
			name = Debug;
		};
		880FB40A2819BCBE002DB701 /* Release */ = {
			isa = XCBuildConfiguration;
			buildSettings = {
				ALWAYS_SEARCH_USER_PATHS = NO;
				CLANG_ANALYZER_NONNULL = YES;
				CLANG_ANALYZER_NUMBER_OBJECT_CONVERSION = YES_AGGRESSIVE;
				CLANG_CXX_LANGUAGE_STANDARD = "gnu++17";
				CLANG_ENABLE_MODULES = YES;
				CLANG_ENABLE_OBJC_ARC = YES;
				CLANG_ENABLE_OBJC_WEAK = YES;
				CLANG_WARN_BLOCK_CAPTURE_AUTORELEASING = YES;
				CLANG_WARN_BOOL_CONVERSION = YES;
				CLANG_WARN_COMMA = YES;
				CLANG_WARN_CONSTANT_CONVERSION = YES;
				CLANG_WARN_DEPRECATED_OBJC_IMPLEMENTATIONS = YES;
				CLANG_WARN_DIRECT_OBJC_ISA_USAGE = YES_ERROR;
				CLANG_WARN_DOCUMENTATION_COMMENTS = YES;
				CLANG_WARN_EMPTY_BODY = YES;
				CLANG_WARN_ENUM_CONVERSION = YES;
				CLANG_WARN_INFINITE_RECURSION = YES;
				CLANG_WARN_INT_CONVERSION = YES;
				CLANG_WARN_NON_LITERAL_NULL_CONVERSION = YES;
				CLANG_WARN_OBJC_IMPLICIT_RETAIN_SELF = YES;
				CLANG_WARN_OBJC_LITERAL_CONVERSION = YES;
				CLANG_WARN_OBJC_ROOT_CLASS = YES_ERROR;
				CLANG_WARN_QUOTED_INCLUDE_IN_FRAMEWORK_HEADER = YES;
				CLANG_WARN_RANGE_LOOP_ANALYSIS = YES;
				CLANG_WARN_STRICT_PROTOTYPES = YES;
				CLANG_WARN_SUSPICIOUS_MOVE = YES;
				CLANG_WARN_UNGUARDED_AVAILABILITY = YES_AGGRESSIVE;
				CLANG_WARN_UNREACHABLE_CODE = YES;
				CLANG_WARN__DUPLICATE_METHOD_MATCH = YES;
				COPY_PHASE_STRIP = NO;
				DEBUG_INFORMATION_FORMAT = "dwarf-with-dsym";
				ENABLE_NS_ASSERTIONS = NO;
				ENABLE_STRICT_OBJC_MSGSEND = YES;
				GCC_C_LANGUAGE_STANDARD = gnu11;
				GCC_NO_COMMON_BLOCKS = YES;
				GCC_WARN_64_TO_32_BIT_CONVERSION = YES;
				GCC_WARN_ABOUT_RETURN_TYPE = YES_ERROR;
				GCC_WARN_UNDECLARED_SELECTOR = YES;
				GCC_WARN_UNINITIALIZED_AUTOS = YES_AGGRESSIVE;
				GCC_WARN_UNUSED_FUNCTION = YES;
				GCC_WARN_UNUSED_VARIABLE = YES;
				IPHONEOS_DEPLOYMENT_TARGET = 15.4;
				MTL_ENABLE_DEBUG_INFO = NO;
				MTL_FAST_MATH = YES;
				SDKROOT = iphoneos;
				SWIFT_COMPILATION_MODE = wholemodule;
				SWIFT_OPTIMIZATION_LEVEL = "-O";
				VALIDATE_PRODUCT = YES;
			};
			name = Release;
		};
		880FB40C2819BCBE002DB701 /* Debug */ = {
			isa = XCBuildConfiguration;
			buildSettings = {
				ASSETCATALOG_COMPILER_APPICON_NAME = AppIcon;
				ASSETCATALOG_COMPILER_GLOBAL_ACCENT_COLOR_NAME = AccentColor;
				CODE_SIGN_STYLE = Automatic;
				CURRENT_PROJECT_VERSION = 1;
				DEVELOPMENT_TEAM = C89RJ7Z5HJ;
				GENERATE_INFOPLIST_FILE = YES;
				INFOPLIST_FILE = Fitness/Resources/Info.plist;
				INFOPLIST_KEY_UIApplicationSupportsIndirectInputEvents = YES;
				INFOPLIST_KEY_UILaunchStoryboardName = LaunchScreen;
				INFOPLIST_KEY_UISupportedInterfaceOrientations = UIInterfaceOrientationPortrait;
				INFOPLIST_KEY_UISupportedInterfaceOrientations_iPad = "UIInterfaceOrientationPortrait UIInterfaceOrientationPortraitUpsideDown UIInterfaceOrientationLandscapeLeft UIInterfaceOrientationLandscapeRight";
				INFOPLIST_KEY_UISupportedInterfaceOrientations_iPhone = "UIInterfaceOrientationPortrait UIInterfaceOrientationLandscapeLeft UIInterfaceOrientationLandscapeRight";
				LD_RUNPATH_SEARCH_PATHS = (
					"$(inherited)",
					"@executable_path/Frameworks",
				);
				MARKETING_VERSION = 1.0;
				PRODUCT_BUNDLE_IDENTIFIER = com.iosnichek.Fitness;
				PRODUCT_NAME = "$(TARGET_NAME)";
				SWIFT_EMIT_LOC_STRINGS = YES;
				SWIFT_VERSION = 5.0;
				TARGETED_DEVICE_FAMILY = 1;
			};
			name = Debug;
		};
		880FB40D2819BCBE002DB701 /* Release */ = {
			isa = XCBuildConfiguration;
			buildSettings = {
				ASSETCATALOG_COMPILER_APPICON_NAME = AppIcon;
				ASSETCATALOG_COMPILER_GLOBAL_ACCENT_COLOR_NAME = AccentColor;
				CODE_SIGN_STYLE = Automatic;
				CURRENT_PROJECT_VERSION = 1;
				DEVELOPMENT_TEAM = C89RJ7Z5HJ;
				GENERATE_INFOPLIST_FILE = YES;
				INFOPLIST_FILE = Fitness/Resources/Info.plist;
				INFOPLIST_KEY_UIApplicationSupportsIndirectInputEvents = YES;
				INFOPLIST_KEY_UILaunchStoryboardName = LaunchScreen;
				INFOPLIST_KEY_UISupportedInterfaceOrientations = UIInterfaceOrientationPortrait;
				INFOPLIST_KEY_UISupportedInterfaceOrientations_iPad = "UIInterfaceOrientationPortrait UIInterfaceOrientationPortraitUpsideDown UIInterfaceOrientationLandscapeLeft UIInterfaceOrientationLandscapeRight";
				INFOPLIST_KEY_UISupportedInterfaceOrientations_iPhone = "UIInterfaceOrientationPortrait UIInterfaceOrientationLandscapeLeft UIInterfaceOrientationLandscapeRight";
				LD_RUNPATH_SEARCH_PATHS = (
					"$(inherited)",
					"@executable_path/Frameworks",
				);
				MARKETING_VERSION = 1.0;
				PRODUCT_BUNDLE_IDENTIFIER = com.iosnichek.Fitness;
				PRODUCT_NAME = "$(TARGET_NAME)";
				SWIFT_EMIT_LOC_STRINGS = YES;
				SWIFT_VERSION = 5.0;
				TARGETED_DEVICE_FAMILY = 1;
			};
			name = Release;
		};
/* End XCBuildConfiguration section */

/* Begin XCConfigurationList section */
		880FB3F22819BCBB002DB701 /* Build configuration list for PBXProject "Fitness" */ = {
			isa = XCConfigurationList;
			buildConfigurations = (
				880FB4092819BCBE002DB701 /* Debug */,
				880FB40A2819BCBE002DB701 /* Release */,
			);
			defaultConfigurationIsVisible = 0;
			defaultConfigurationName = Release;
		};
		880FB40B2819BCBE002DB701 /* Build configuration list for PBXNativeTarget "Fitness" */ = {
			isa = XCConfigurationList;
			buildConfigurations = (
				880FB40C2819BCBE002DB701 /* Debug */,
				880FB40D2819BCBE002DB701 /* Release */,
			);
			defaultConfigurationIsVisible = 0;
			defaultConfigurationName = Release;
		};
/* End XCConfigurationList section */

/* Begin XCRemoteSwiftPackageReference section */
		88CA6E2628290F6B00961DF9 /* XCRemoteSwiftPackageReference "realm-swift" */ = {
			isa = XCRemoteSwiftPackageReference;
			repositoryURL = "https://github.com/realm/realm-swift.git";
			requirement = {
				branch = master;
				kind = branch;
			};
		};
/* End XCRemoteSwiftPackageReference section */

/* Begin XCSwiftPackageProductDependency section */
		88CA6E2728290F6B00961DF9 /* Realm */ = {
			isa = XCSwiftPackageProductDependency;
			package = 88CA6E2628290F6B00961DF9 /* XCRemoteSwiftPackageReference "realm-swift" */;
			productName = Realm;
		};
		88CA6E2928290F6B00961DF9 /* RealmSwift */ = {
			isa = XCSwiftPackageProductDependency;
			package = 88CA6E2628290F6B00961DF9 /* XCRemoteSwiftPackageReference "realm-swift" */;
			productName = RealmSwift;
		};
/* End XCSwiftPackageProductDependency section */
	};
	rootObject = 880FB3EF2819BCBB002DB701 /* Project object */;
}
